
Microsoft Visual Studio Solution File, Format Version 12.00
# Visual Studio Version 16
VisualStudioVersion = 16.0.30204.135
MinimumVisualStudioVersion = 10.0.40219.1
Project("{FAE04EC0-301F-11D3-BF4B-00C04F79EFBC}") = "CarLot", "CarLot.csproj", "{DAE6B10C-636A-40FC-8F32-E2E2FC49B373}"
EndProject
Global
	GlobalSection(SolutionConfigurationPlatforms) = preSolution
		Debug|Any CPU = Debug|Any CPU
		Release|Any CPU = Release|Any CPU
	EndGlobalSection
	GlobalSection(ProjectConfigurationPlatforms) = postSolution
		{DAE6B10C-636A-40FC-8F32-E2E2FC49B373}.Debug|Any CPU.ActiveCfg = Debug|Any CPU
		{DAE6B10C-636A-40FC-8F32-E2E2FC49B373}.Debug|Any CPU.Build.0 = Debug|Any CPU
		{DAE6B10C-636A-40FC-8F32-E2E2FC49B373}.Release|Any CPU.ActiveCfg = Release|Any CPU
		{DAE6B10C-636A-40FC-8F32-E2E2FC49B373}.Release|Any CPU.Build.0 = Release|Any CPU
	EndGlobalSection
	GlobalSection(SolutionProperties) = preSolution
		HideSolutionNode = FALSE
	EndGlobalSection
	GlobalSection(ExtensibilityGlobals) = postSolution
		SolutionGuid = {D9F3E21A-BC02-466B-8CF3-223A4F82E150}
	EndGlobalSection
EndGlobal
